// !$*UTF8*$!
{
	archiveVersion = 1;
	classes = {
	};
	objectVersion = 50;
	objects = {

/* Begin PBXBuildFile section */
		3263EFB125C73C7900DDD562 /* Localizable.strings in Resources */ = {isa = PBXBuildFile; fileRef = 3263EFB325C73C7900DDD562 /* Localizable.strings */; };
		32E7BAB425C6A697006D355E /* yle_dl_guiApp.swift in Sources */ = {isa = PBXBuildFile; fileRef = 32E7BAB325C6A697006D355E /* yle_dl_guiApp.swift */; };
		32E7BAB625C6A697006D355E /* ContentView.swift in Sources */ = {isa = PBXBuildFile; fileRef = 32E7BAB525C6A697006D355E /* ContentView.swift */; };
		32E7BAB825C6A698006D355E /* Assets.xcassets in Resources */ = {isa = PBXBuildFile; fileRef = 32E7BAB725C6A698006D355E /* Assets.xcassets */; };
		32E7BABB25C6A698006D355E /* Preview Assets.xcassets in Resources */ = {isa = PBXBuildFile; fileRef = 32E7BABA25C6A698006D355E /* Preview Assets.xcassets */; };
		32E7BAC525C6B6F1006D355E /* AppDelegate.swift in Sources */ = {isa = PBXBuildFile; fileRef = 32E7BAC425C6B6F1006D355E /* AppDelegate.swift */; };
		32E7BAC825C6D8AF006D355E /* DownloadModal.swift in Sources */ = {isa = PBXBuildFile; fileRef = 32E7BAC725C6D8AF006D355E /* DownloadModal.swift */; };
/* End PBXBuildFile section */

/* Begin PBXFileReference section */
		3263EFB225C73C7900DDD562 /* fi */ = {isa = PBXFileReference; lastKnownFileType = text.plist.strings; name = fi; path = fi.lproj/Localizable.strings; sourceTree = "<group>"; };
		3263EFB525C73C7D00DDD562 /* en */ = {isa = PBXFileReference; lastKnownFileType = text.plist.strings; name = en; path = en.lproj/Localizable.strings; sourceTree = "<group>"; };
		32E7BAB025C6A697006D355E /* yle-dl-gui.app */ = {isa = PBXFileReference; explicitFileType = wrapper.application; includeInIndex = 0; path = "yle-dl-gui.app"; sourceTree = BUILT_PRODUCTS_DIR; };
		32E7BAB325C6A697006D355E /* yle_dl_guiApp.swift */ = {isa = PBXFileReference; lastKnownFileType = sourcecode.swift; path = yle_dl_guiApp.swift; sourceTree = "<group>"; };
		32E7BAB525C6A697006D355E /* ContentView.swift */ = {isa = PBXFileReference; lastKnownFileType = sourcecode.swift; path = ContentView.swift; sourceTree = "<group>"; };
		32E7BAB725C6A698006D355E /* Assets.xcassets */ = {isa = PBXFileReference; lastKnownFileType = folder.assetcatalog; path = Assets.xcassets; sourceTree = "<group>"; };
		32E7BABA25C6A698006D355E /* Preview Assets.xcassets */ = {isa = PBXFileReference; lastKnownFileType = folder.assetcatalog; path = "Preview Assets.xcassets"; sourceTree = "<group>"; };
		32E7BABC25C6A698006D355E /* Info.plist */ = {isa = PBXFileReference; lastKnownFileType = text.plist.xml; path = Info.plist; sourceTree = "<group>"; };
		32E7BABD25C6A698006D355E /* yle_dl_gui.entitlements */ = {isa = PBXFileReference; lastKnownFileType = text.plist.entitlements; path = yle_dl_gui.entitlements; sourceTree = "<group>"; };
		32E7BAC425C6B6F1006D355E /* AppDelegate.swift */ = {isa = PBXFileReference; lastKnownFileType = sourcecode.swift; path = AppDelegate.swift; sourceTree = "<group>"; };
		32E7BAC725C6D8AF006D355E /* DownloadModal.swift */ = {isa = PBXFileReference; lastKnownFileType = sourcecode.swift; path = DownloadModal.swift; sourceTree = "<group>"; };
/* End PBXFileReference section */

/* Begin PBXFrameworksBuildPhase section */
		32E7BAAD25C6A697006D355E /* Frameworks */ = {
			isa = PBXFrameworksBuildPhase;
			buildActionMask = 2147483647;
			files = (
			);
			runOnlyForDeploymentPostprocessing = 0;
		};
/* End PBXFrameworksBuildPhase section */

/* Begin PBXGroup section */
		32E7BAA725C6A697006D355E = {
			isa = PBXGroup;
			children = (
				32E7BAB225C6A697006D355E /* yle-dl-gui */,
				32E7BAB125C6A697006D355E /* Products */,
			);
			sourceTree = "<group>";
		};
		32E7BAB125C6A697006D355E /* Products */ = {
			isa = PBXGroup;
			children = (
				32E7BAB025C6A697006D355E /* yle-dl-gui.app */,
			);
			name = Products;
			sourceTree = "<group>";
		};
		32E7BAB225C6A697006D355E /* yle-dl-gui */ = {
			isa = PBXGroup;
			children = (
				32E7BAB325C6A697006D355E /* yle_dl_guiApp.swift */,
				32E7BAB525C6A697006D355E /* ContentView.swift */,
				32E7BAB725C6A698006D355E /* Assets.xcassets */,
				32E7BABC25C6A698006D355E /* Info.plist */,
				32E7BABD25C6A698006D355E /* yle_dl_gui.entitlements */,
				32E7BAB925C6A698006D355E /* Preview Content */,
				32E7BAC425C6B6F1006D355E /* AppDelegate.swift */,
				32E7BAC725C6D8AF006D355E /* DownloadModal.swift */,
				3263EFB325C73C7900DDD562 /* Localizable.strings */,
			);
			path = "yle-dl-gui";
			sourceTree = "<group>";
		};
		32E7BAB925C6A698006D355E /* Preview Content */ = {
			isa = PBXGroup;
			children = (
				32E7BABA25C6A698006D355E /* Preview Assets.xcassets */,
			);
			path = "Preview Content";
			sourceTree = "<group>";
		};
/* End PBXGroup section */

/* Begin PBXNativeTarget section */
		32E7BAAF25C6A697006D355E /* yle-dl-gui */ = {
			isa = PBXNativeTarget;
			buildConfigurationList = 32E7BAC025C6A698006D355E /* Build configuration list for PBXNativeTarget "yle-dl-gui" */;
			buildPhases = (
				32E7BAAC25C6A697006D355E /* Sources */,
				32E7BAAD25C6A697006D355E /* Frameworks */,
				32E7BAAE25C6A697006D355E /* Resources */,
			);
			buildRules = (
			);
			dependencies = (
			);
			name = "yle-dl-gui";
			productName = "yle-dl-gui";
			productReference = 32E7BAB025C6A697006D355E /* yle-dl-gui.app */;
			productType = "com.apple.product-type.application";
		};
/* End PBXNativeTarget section */

/* Begin PBXProject section */
		32E7BAA825C6A697006D355E /* Project object */ = {
			isa = PBXProject;
			attributes = {
				LastSwiftUpdateCheck = 1240;
				LastUpgradeCheck = 1240;
				TargetAttributes = {
					32E7BAAF25C6A697006D355E = {
						CreatedOnToolsVersion = 12.4;
					};
				};
			};
			buildConfigurationList = 32E7BAAB25C6A697006D355E /* Build configuration list for PBXProject "yle-dl-gui" */;
			compatibilityVersion = "Xcode 9.3";
			developmentRegion = fi;
			hasScannedForEncodings = 0;
			knownRegions = (
				en,
				fi,
			);
			mainGroup = 32E7BAA725C6A697006D355E;
			productRefGroup = 32E7BAB125C6A697006D355E /* Products */;
			projectDirPath = "";
			projectRoot = "";
			targets = (
				32E7BAAF25C6A697006D355E /* yle-dl-gui */,
			);
		};
/* End PBXProject section */

/* Begin PBXResourcesBuildPhase section */
		32E7BAAE25C6A697006D355E /* Resources */ = {
			isa = PBXResourcesBuildPhase;
			buildActionMask = 2147483647;
			files = (
				32E7BABB25C6A698006D355E /* Preview Assets.xcassets in Resources */,
				3263EFB125C73C7900DDD562 /* Localizable.strings in Resources */,
				32E7BAB825C6A698006D355E /* Assets.xcassets in Resources */,
			);
			runOnlyForDeploymentPostprocessing = 0;
		};
/* End PBXResourcesBuildPhase section */

/* Begin PBXSourcesBuildPhase section */
		32E7BAAC25C6A697006D355E /* Sources */ = {
			isa = PBXSourcesBuildPhase;
			buildActionMask = 2147483647;
			files = (
				32E7BAC525C6B6F1006D355E /* AppDelegate.swift in Sources */,
				32E7BAB625C6A697006D355E /* ContentView.swift in Sources */,
				32E7BAB425C6A697006D355E /* yle_dl_guiApp.swift in Sources */,
				32E7BAC825C6D8AF006D355E /* DownloadModal.swift in Sources */,
			);
			runOnlyForDeploymentPostprocessing = 0;
		};
/* End PBXSourcesBuildPhase section */

/* Begin PBXVariantGroup section */
		3263EFB325C73C7900DDD562 /* Localizable.strings */ = {
			isa = PBXVariantGroup;
			children = (
				3263EFB225C73C7900DDD562 /* fi */,
				3263EFB525C73C7D00DDD562 /* en */,
			);
			name = Localizable.strings;
			sourceTree = "<group>";
		};
/* End PBXVariantGroup section */

/* Begin XCBuildConfiguration section */
		32E7BABE25C6A698006D355E /* Debug */ = {
			isa = XCBuildConfiguration;
			buildSettings = {
				ALWAYS_SEARCH_USER_PATHS = NO;
				CLANG_ANALYZER_NONNULL = YES;
				CLANG_ANALYZER_NUMBER_OBJECT_CONVERSION = YES_AGGRESSIVE;
				CLANG_CXX_LANGUAGE_STANDARD = "gnu++14";
				CLANG_CXX_LIBRARY = "libc++";
				CLANG_ENABLE_MODULES = YES;
				CLANG_ENABLE_OBJC_ARC = YES;
				CLANG_ENABLE_OBJC_WEAK = YES;
				CLANG_WARN_BLOCK_CAPTURE_AUTORELEASING = YES;
				CLANG_WARN_BOOL_CONVERSION = YES;
				CLANG_WARN_COMMA = YES;
				CLANG_WARN_CONSTANT_CONVERSION = YES;
				CLANG_WARN_DEPRECATED_OBJC_IMPLEMENTATIONS = YES;
				CLANG_WARN_DIRECT_OBJC_ISA_USAGE = YES_ERROR;
				CLANG_WARN_DOCUMENTATION_COMMENTS = YES;
				CLANG_WARN_EMPTY_BODY = YES;
				CLANG_WARN_ENUM_CONVERSION = YES;
				CLANG_WARN_INFINITE_RECURSION = YES;
				CLANG_WARN_INT_CONVERSION = YES;
				CLANG_WARN_NON_LITERAL_NULL_CONVERSION = YES;
				CLANG_WARN_OBJC_IMPLICIT_RETAIN_SELF = YES;
				CLANG_WARN_OBJC_LITERAL_CONVERSION = YES;
				CLANG_WARN_OBJC_ROOT_CLASS = YES_ERROR;
				CLANG_WARN_QUOTED_INCLUDE_IN_FRAMEWORK_HEADER = YES;
				CLANG_WARN_RANGE_LOOP_ANALYSIS = YES;
				CLANG_WARN_STRICT_PROTOTYPES = YES;
				CLANG_WARN_SUSPICIOUS_MOVE = YES;
				CLANG_WARN_UNGUARDED_AVAILABILITY = YES_AGGRESSIVE;
				CLANG_WARN_UNREACHABLE_CODE = YES;
				CLANG_WARN__DUPLICATE_METHOD_MATCH = YES;
				COPY_PHASE_STRIP = NO;
				DEBUG_INFORMATION_FORMAT = dwarf;
				ENABLE_STRICT_OBJC_MSGSEND = YES;
				ENABLE_TESTABILITY = YES;
				GCC_C_LANGUAGE_STANDARD = gnu11;
				GCC_DYNAMIC_NO_PIC = NO;
				GCC_NO_COMMON_BLOCKS = YES;
				GCC_OPTIMIZATION_LEVEL = 0;
				GCC_PREPROCESSOR_DEFINITIONS = (
					"DEBUG=1",
					"$(inherited)",
				);
				GCC_WARN_64_TO_32_BIT_CONVERSION = YES;
				GCC_WARN_ABOUT_RETURN_TYPE = YES_ERROR;
				GCC_WARN_UNDECLARED_SELECTOR = YES;
				GCC_WARN_UNINITIALIZED_AUTOS = YES_AGGRESSIVE;
				GCC_WARN_UNUSED_FUNCTION = YES;
				GCC_WARN_UNUSED_VARIABLE = YES;
				MACOSX_DEPLOYMENT_TARGET = 11.1;
				MTL_ENABLE_DEBUG_INFO = INCLUDE_SOURCE;
				MTL_FAST_MATH = YES;
				ONLY_ACTIVE_ARCH = YES;
				SDKROOT = macosx;
				SWIFT_ACTIVE_COMPILATION_CONDITIONS = DEBUG;
				SWIFT_OPTIMIZATION_LEVEL = "-Onone";
			};
			name = Debug;
		};
		32E7BABF25C6A698006D355E /* Release */ = {
			isa = XCBuildConfiguration;
			buildSettings = {
				ALWAYS_SEARCH_USER_PATHS = NO;
				CLANG_ANALYZER_NONNULL = YES;
				CLANG_ANALYZER_NUMBER_OBJECT_CONVERSION = YES_AGGRESSIVE;
				CLANG_CXX_LANGUAGE_STANDARD = "gnu++14";
				CLANG_CXX_LIBRARY = "libc++";
				CLANG_ENABLE_MODULES = YES;
				CLANG_ENABLE_OBJC_ARC = YES;
				CLANG_ENABLE_OBJC_WEAK = YES;
				CLANG_WARN_BLOCK_CAPTURE_AUTORELEASING = YES;
				CLANG_WARN_BOOL_CONVERSION = YES;
				CLANG_WARN_COMMA = YES;
				CLANG_WARN_CONSTANT_CONVERSION = YES;
				CLANG_WARN_DEPRECATED_OBJC_IMPLEMENTATIONS = YES;
				CLANG_WARN_DIRECT_OBJC_ISA_USAGE = YES_ERROR;
				CLANG_WARN_DOCUMENTATION_COMMENTS = YES;
				CLANG_WARN_EMPTY_BODY = YES;
				CLANG_WARN_ENUM_CONVERSION = YES;
				CLANG_WARN_INFINITE_RECURSION = YES;
				CLANG_WARN_INT_CONVERSION = YES;
				CLANG_WARN_NON_LITERAL_NULL_CONVERSION = YES;
				CLANG_WARN_OBJC_IMPLICIT_RETAIN_SELF = YES;
				CLANG_WARN_OBJC_LITERAL_CONVERSION = YES;
				CLANG_WARN_OBJC_ROOT_CLASS = YES_ERROR;
				CLANG_WARN_QUOTED_INCLUDE_IN_FRAMEWORK_HEADER = YES;
				CLANG_WARN_RANGE_LOOP_ANALYSIS = YES;
				CLANG_WARN_STRICT_PROTOTYPES = YES;
				CLANG_WARN_SUSPICIOUS_MOVE = YES;
				CLANG_WARN_UNGUARDED_AVAILABILITY = YES_AGGRESSIVE;
				CLANG_WARN_UNREACHABLE_CODE = YES;
				CLANG_WARN__DUPLICATE_METHOD_MATCH = YES;
				COPY_PHASE_STRIP = NO;
				DEBUG_INFORMATION_FORMAT = "dwarf-with-dsym";
				ENABLE_NS_ASSERTIONS = NO;
				ENABLE_STRICT_OBJC_MSGSEND = YES;
				GCC_C_LANGUAGE_STANDARD = gnu11;
				GCC_NO_COMMON_BLOCKS = YES;
				GCC_WARN_64_TO_32_BIT_CONVERSION = YES;
				GCC_WARN_ABOUT_RETURN_TYPE = YES_ERROR;
				GCC_WARN_UNDECLARED_SELECTOR = YES;
				GCC_WARN_UNINITIALIZED_AUTOS = YES_AGGRESSIVE;
				GCC_WARN_UNUSED_FUNCTION = YES;
				GCC_WARN_UNUSED_VARIABLE = YES;
				MACOSX_DEPLOYMENT_TARGET = 11.1;
				MTL_ENABLE_DEBUG_INFO = NO;
				MTL_FAST_MATH = YES;
				SDKROOT = macosx;
				SWIFT_COMPILATION_MODE = wholemodule;
				SWIFT_OPTIMIZATION_LEVEL = "-O";
			};
			name = Release;
		};
		32E7BAC125C6A698006D355E /* Debug */ = {
			isa = XCBuildConfiguration;
			buildSettings = {
				ASSETCATALOG_COMPILER_APPICON_NAME = AppIcon;
				ASSETCATALOG_COMPILER_GLOBAL_ACCENT_COLOR_NAME = AccentColor;
				CODE_SIGN_ENTITLEMENTS = "yle-dl-gui/yle_dl_gui.entitlements";
				CODE_SIGN_IDENTITY = "Apple Development";
				CODE_SIGN_STYLE = Automatic;
				COMBINE_HIDPI_IMAGES = YES;
				DEVELOPMENT_ASSET_PATHS = "\"yle-dl-gui/Preview Content\"";
				DEVELOPMENT_TEAM = Q445WDF3FX;
				ENABLE_PREVIEWS = YES;
				INFOPLIST_FILE = "yle-dl-gui/Info.plist";
				LD_RUNPATH_SEARCH_PATHS = (
					"$(inherited)",
					"@executable_path/../Frameworks",
				);
				MACOSX_DEPLOYMENT_TARGET = 11.0;
				PRODUCT_BUNDLE_IDENTIFIER = "jiinurppa.yle-dl-gui";
				PRODUCT_NAME = "$(TARGET_NAME)";
				SWIFT_VERSION = 5.0;
			};
			name = Debug;
		};
		32E7BAC225C6A698006D355E /* Release */ = {
			isa = XCBuildConfiguration;
			buildSettings = {
				ASSETCATALOG_COMPILER_APPICON_NAME = AppIcon;
				ASSETCATALOG_COMPILER_GLOBAL_ACCENT_COLOR_NAME = AccentColor;
				CODE_SIGN_ENTITLEMENTS = "yle-dl-gui/yle_dl_gui.entitlements";
				CODE_SIGN_IDENTITY = "Apple Development";
				CODE_SIGN_STYLE = Automatic;
				COMBINE_HIDPI_IMAGES = YES;
				DEVELOPMENT_ASSET_PATHS = "\"yle-dl-gui/Preview Content\"";
				DEVELOPMENT_TEAM = Q445WDF3FX;
				ENABLE_PREVIEWS = YES;
				INFOPLIST_FILE = "yle-dl-gui/Info.plist";
				LD_RUNPATH_SEARCH_PATHS = (
					"$(inherited)",
					"@executable_path/../Frameworks",
				);
				MACOSX_DEPLOYMENT_TARGET = 11.0;
				PRODUCT_BUNDLE_IDENTIFIER = "jiinurppa.yle-dl-gui";
				PRODUCT_NAME = "$(TARGET_NAME)";
				SWIFT_VERSION = 5.0;
			};
			name = Release;
		};
/* End XCBuildConfiguration section */

/* Begin XCConfigurationList section */
		32E7BAAB25C6A697006D355E /* Build configuration list for PBXProject "yle-dl-gui" */ = {
			isa = XCConfigurationList;
			buildConfigurations = (
				32E7BABE25C6A698006D355E /* Debug */,
				32E7BABF25C6A698006D355E /* Release */,
			);
			defaultConfigurationIsVisible = 0;
			defaultConfigurationName = Release;
		};
		32E7BAC025C6A698006D355E /* Build configuration list for PBXNativeTarget "yle-dl-gui" */ = {
			isa = XCConfigurationList;
			buildConfigurations = (
				32E7BAC125C6A698006D355E /* Debug */,
				32E7BAC225C6A698006D355E /* Release */,
			);
			defaultConfigurationIsVisible = 0;
			defaultConfigurationName = Release;
		};
/* End XCConfigurationList section */
	};
	rootObject = 32E7BAA825C6A697006D355E /* Project object */;
}
